
Microsoft Visual Studio Solution File, Format Version 12.00
# Visual Studio Version 17
VisualStudioVersion = 17.5.33516.290
MinimumVisualStudioVersion = 10.0.40219.1
Project("{FAE04EC0-301F-11D3-BF4B-00C04F79EFBC}") = "WebApp.faxina", "WebApp.faxina\WebApp.faxina.csproj", "{598D3FBF-3EF3-4A4B-8588-8AE852802F0A}"
EndProject
Global
	GlobalSection(SolutionConfigurationPlatforms) = preSolution
		Debug|Any CPU = Debug|Any CPU
		Release|Any CPU = Release|Any CPU
	EndGlobalSection
	GlobalSection(ProjectConfigurationPlatforms) = postSolution
		{598D3FBF-3EF3-4A4B-8588-8AE852802F0A}.Debug|Any CPU.ActiveCfg = Debug|Any CPU
		{598D3FBF-3EF3-4A4B-8588-8AE852802F0A}.Debug|Any CPU.Build.0 = Debug|Any CPU
		{598D3FBF-3EF3-4A4B-8588-8AE852802F0A}.Release|Any CPU.ActiveCfg = Release|Any CPU
		{598D3FBF-3EF3-4A4B-8588-8AE852802F0A}.Release|Any CPU.Build.0 = Release|Any CPU
	EndGlobalSection
	GlobalSection(SolutionProperties) = preSolution
		HideSolutionNode = FALSE
	EndGlobalSection
	GlobalSection(ExtensibilityGlobals) = postSolution
		SolutionGuid = {CB5722DD-7724-4690-9682-2BCE6D5D6D8D}
	EndGlobalSection
EndGlobal
